// !$*UTF8*$!
{
	archiveVersion = 1;
	classes = {
	};
	objectVersion = 46;
	objects = {

/* Begin PBXBuildFile section */
		1C128AC01F8B3E72008F4D62 /* Utilities.swift in Sources */ = {isa = PBXBuildFile; fileRef = 1C128ABF1F8B3E71008F4D62 /* Utilities.swift */; };
		1C314FBA1F84C2A9008CF054 /* EventDetailViewController.swift in Sources */ = {isa = PBXBuildFile; fileRef = 1C314FB91F84C2A9008CF054 /* EventDetailViewController.swift */; };
		1C314FBD1F84C819008CF054 /* EventImageViewTableViewCell.swift in Sources */ = {isa = PBXBuildFile; fileRef = 1C314FBB1F84C819008CF054 /* EventImageViewTableViewCell.swift */; };
		1C314FBE1F84C819008CF054 /* EventImageViewTableViewCell.xib in Resources */ = {isa = PBXBuildFile; fileRef = 1C314FBC1F84C819008CF054 /* EventImageViewTableViewCell.xib */; };
		1C314FC21F84CB7C008CF054 /* EventTitleTableViewCell.swift in Sources */ = {isa = PBXBuildFile; fileRef = 1C314FC01F84CB7C008CF054 /* EventTitleTableViewCell.swift */; };
		1C314FC31F84CB7C008CF054 /* EventTitleTableViewCell.xib in Resources */ = {isa = PBXBuildFile; fileRef = 1C314FC11F84CB7C008CF054 /* EventTitleTableViewCell.xib */; };
		1C314FCA1F84CD6D008CF054 /* EventDescriptionTableViewCell.swift in Sources */ = {isa = PBXBuildFile; fileRef = 1C314FC81F84CD6D008CF054 /* EventDescriptionTableViewCell.swift */; };
		1C314FCB1F84CD6D008CF054 /* EventDescriptionTableViewCell.xib in Resources */ = {isa = PBXBuildFile; fileRef = 1C314FC91F84CD6D008CF054 /* EventDescriptionTableViewCell.xib */; };
		1C6A1B121F852B6700A1BF29 /* Pods_Sangha_Teacher.framework in Frameworks */ = {isa = PBXBuildFile; fileRef = 1C6A1B151F852B6700A1BF29 /* Pods_Sangha_Teacher.framework */; };
		1C847D251F8915820092F28B /* FLAnimatedImage.framework in Frameworks */ = {isa = PBXBuildFile; fileRef = 1C847D261F8915820092F28B /* FLAnimatedImage.framework */; };
		1C847D271F8915850092F28B /* PINCache.framework in Frameworks */ = {isa = PBXBuildFile; fileRef = 1C847D281F8915850092F28B /* PINCache.framework */; };
		1C847D291F8915870092F28B /* PINRemoteImage.framework in Frameworks */ = {isa = PBXBuildFile; fileRef = 1C847D2A1F8915870092F28B /* PINRemoteImage.framework */; };
		1CE31FD81F88B5B20033BEE3 /* UIBarButtonItem+Badge.m in Sources */ = {isa = PBXBuildFile; fileRef = 1CE31FD41F88B5B10033BEE3 /* UIBarButtonItem+Badge.m */; };
		1CE31FD91F88B5B20033BEE3 /* UIButton+Badge.m in Sources */ = {isa = PBXBuildFile; fileRef = 1CE31FD71F88B5B20033BEE3 /* UIButton+Badge.m */; };
		1CE31FDC1F88C0C60033BEE3 /* MTCircularSlider.swift in Sources */ = {isa = PBXBuildFile; fileRef = 1CE31FDB1F88C0C50033BEE3 /* MTCircularSlider.swift */; };
		1CE31FDF1F88C2130033BEE3 /* EventStatusTableViewCell.swift in Sources */ = {isa = PBXBuildFile; fileRef = 1CE31FDD1F88C2130033BEE3 /* EventStatusTableViewCell.swift */; };
		1CE31FE01F88C2130033BEE3 /* EventStatusTableViewCell.xib in Resources */ = {isa = PBXBuildFile; fileRef = 1CE31FDE1F88C2130033BEE3 /* EventStatusTableViewCell.xib */; };
		1CE31FE31F88C31B0033BEE3 /* StatusCollectionViewCell.swift in Sources */ = {isa = PBXBuildFile; fileRef = 1CE31FE11F88C31B0033BEE3 /* StatusCollectionViewCell.swift */; };
		1CE31FE41F88C31B0033BEE3 /* StatusCollectionViewCell.xib in Resources */ = {isa = PBXBuildFile; fileRef = 1CE31FE21F88C31B0033BEE3 /* StatusCollectionViewCell.xib */; };
		1CF8F54E1F876A2700C7513A /* ClassList.swift in Sources */ = {isa = PBXBuildFile; fileRef = 1CF8F54D1F876A2700C7513A /* ClassList.swift */; };
		1CF8F5501F876BF600C7513A /* EventList.swift in Sources */ = {isa = PBXBuildFile; fileRef = 1CF8F54F1F876BF600C7513A /* EventList.swift */; };
		1CF8F5511F8790A200C7513A /* FSCalendar.framework in Frameworks */ = {isa = PBXBuildFile; fileRef = 1CF8F5521F8790A200C7513A /* FSCalendar.framework */; };
		1CF8F5531F8790A500C7513A /* SVProgressHUD.framework in Frameworks */ = {isa = PBXBuildFile; fileRef = 1CF8F5541F8790A500C7513A /* SVProgressHUD.framework */; };
		8F072B5A1F794E0C00B8BE78 /* EventTableHeaderView.swift in Sources */ = {isa = PBXBuildFile; fileRef = 8F072B591F794E0C00B8BE78 /* EventTableHeaderView.swift */; };
		8F072B5C1F794E2B00B8BE78 /* EventTableHeaderView.xib in Resources */ = {isa = PBXBuildFile; fileRef = 8F072B5B1F794E2B00B8BE78 /* EventTableHeaderView.xib */; };
		8F366FB21F7D040D00DB60DD /* HeaderView.swift in Sources */ = {isa = PBXBuildFile; fileRef = 8F366FB11F7D040D00DB60DD /* HeaderView.swift */; };
		8F366FB41F7D0A3800DB60DD /* HeaderView.xib in Resources */ = {isa = PBXBuildFile; fileRef = 8F366FB31F7D0A3800DB60DD /* HeaderView.xib */; };
		8F366FC71F7D10DC00DB60DD /* ProximaNova-Black.otf in Resources */ = {isa = PBXBuildFile; fileRef = 8F366FB61F7D0F4900DB60DD /* ProximaNova-Black.otf */; };
		8F366FC81F7D10DC00DB60DD /* ProximaNova-Bold.otf in Resources */ = {isa = PBXBuildFile; fileRef = 8F366FBA1F7D0F4E00DB60DD /* ProximaNova-Bold.otf */; };
		8F366FC91F7D10DC00DB60DD /* ProximaNova-BoldIt.otf in Resources */ = {isa = PBXBuildFile; fileRef = 8F366FC41F7D0F5A00DB60DD /* ProximaNova-BoldIt.otf */; };
		8F366FCA1F7D10DC00DB60DD /* ProximaNova-Extrabold.otf in Resources */ = {isa = PBXBuildFile; fileRef = 8F366FBD1F7D0F5100DB60DD /* ProximaNova-Extrabold.otf */; };
		8F366FCB1F7D10DC00DB60DD /* ProximaNova-Light.otf in Resources */ = {isa = PBXBuildFile; fileRef = 8F366FBB1F7D0F4F00DB60DD /* ProximaNova-Light.otf */; };
		8F366FCC1F7D10DC00DB60DD /* ProximaNova-LightItalic.otf in Resources */ = {isa = PBXBuildFile; fileRef = 8F366FC21F7D0F5700DB60DD /* ProximaNova-LightItalic.otf */; };
		8F366FCD1F7D10DC00DB60DD /* ProximaNova-RegItalic.otf in Resources */ = {isa = PBXBuildFile; fileRef = 8F366FBE1F7D0F5300DB60DD /* ProximaNova-RegItalic.otf */; };
		8F366FCE1F7D10DC00DB60DD /* ProximaNova-Regular.otf in Resources */ = {isa = PBXBuildFile; fileRef = 8F366FB81F7D0F4C00DB60DD /* ProximaNova-Regular.otf */; };
		8F366FCF1F7D10DC00DB60DD /* ProximaNova-RegularItalic.otf in Resources */ = {isa = PBXBuildFile; fileRef = 8F366FC11F7D0F5600DB60DD /* ProximaNova-RegularItalic.otf */; };
		8F366FD01F7D10DC00DB60DD /* ProximaNova-Semibold.otf in Resources */ = {isa = PBXBuildFile; fileRef = 8F366FC51F7D0F5B00DB60DD /* ProximaNova-Semibold.otf */; };
		8F366FD11F7D10DC00DB60DD /* ProximaNova-SemiboldItalic.otf in Resources */ = {isa = PBXBuildFile; fileRef = 8F366FC01F7D0F5500DB60DD /* ProximaNova-SemiboldItalic.otf */; };
		8F366FD21F7D10DC00DB60DD /* ProximaNovaCond-Light.otf in Resources */ = {isa = PBXBuildFile; fileRef = 8F366FB91F7D0F4D00DB60DD /* ProximaNovaCond-Light.otf */; };
		8F366FD31F7D10DC00DB60DD /* ProximaNovaCond-LightIt.otf in Resources */ = {isa = PBXBuildFile; fileRef = 8F366FBC1F7D0F5000DB60DD /* ProximaNovaCond-LightIt.otf */; };
		8F366FD41F7D10DC00DB60DD /* ProximaNovaCond-Regular.otf in Resources */ = {isa = PBXBuildFile; fileRef = 8F366FC31F7D0F5900DB60DD /* ProximaNovaCond-Regular.otf */; };
		8F366FD51F7D10DC00DB60DD /* ProximaNovaCond-RegularIt.otf in Resources */ = {isa = PBXBuildFile; fileRef = 8F366FB71F7D0F4B00DB60DD /* ProximaNovaCond-RegularIt.otf */; };
		8F366FD61F7D10DC00DB60DD /* ProximaNovaCond-Semibold.otf in Resources */ = {isa = PBXBuildFile; fileRef = 8F366FBF1F7D0F5400DB60DD /* ProximaNovaCond-Semibold.otf */; };
		8F366FD71F7D10DC00DB60DD /* ProximaNovaCond-SemiboldIt.otf in Resources */ = {isa = PBXBuildFile; fileRef = 8F366FB51F7D0F4800DB60DD /* ProximaNovaCond-SemiboldIt.otf */; };
		8F47E1621F7A82C100CDC544 /* SlideMenuController.swift in Sources */ = {isa = PBXBuildFile; fileRef = 8F47E1611F7A82C000CDC544 /* SlideMenuController.swift */; };
		8F49FAAB1F7BC1F40018A9C4 /* LeftSideMenuViewController.swift in Sources */ = {isa = PBXBuildFile; fileRef = 8F49FAAA1F7BC1F40018A9C4 /* LeftSideMenuViewController.swift */; };
		8F75A4591F824C3D00BEB9BF /* ClassesViewController.swift in Sources */ = {isa = PBXBuildFile; fileRef = 8F75A4581F824C3D00BEB9BF /* ClassesViewController.swift */; };
		8F75A45B1F82548900BEB9BF /* NotificationsViewController.swift in Sources */ = {isa = PBXBuildFile; fileRef = 8F75A45A1F82548900BEB9BF /* NotificationsViewController.swift */; };
		8F75A45D1F8257F800BEB9BF /* AutoAlertViewController.swift in Sources */ = {isa = PBXBuildFile; fileRef = 8F75A45C1F8257F800BEB9BF /* AutoAlertViewController.swift */; };
		8F75A45F1F8258E700BEB9BF /* SettingsViewController.swift in Sources */ = {isa = PBXBuildFile; fileRef = 8F75A45E1F8258E700BEB9BF /* SettingsViewController.swift */; };
		8F75A4621F825FB500BEB9BF /* ClassesTableViewCell.swift in Sources */ = {isa = PBXBuildFile; fileRef = 8F75A4601F825FB500BEB9BF /* ClassesTableViewCell.swift */; };
		8F75A4631F825FB500BEB9BF /* ClassesTableViewCell.xib in Resources */ = {isa = PBXBuildFile; fileRef = 8F75A4611F825FB500BEB9BF /* ClassesTableViewCell.xib */; };
		8F9FCDA11F752F21000BD163 /* EventTableViewCell.swift in Sources */ = {isa = PBXBuildFile; fileRef = 8F9FCD9F1F752F21000BD163 /* EventTableViewCell.swift */; };
		8F9FCDA21F752F21000BD163 /* EventTableViewCell.xib in Resources */ = {isa = PBXBuildFile; fileRef = 8F9FCDA01F752F21000BD163 /* EventTableViewCell.xib */; };
		8FA0EC451F73F4E800B72943 /* LoginViewController.swift in Sources */ = {isa = PBXBuildFile; fileRef = 8FA0EC441F73F4E800B72943 /* LoginViewController.swift */; };
		8FBA99F71F7281A4003A959F /* AppDelegate.swift in Sources */ = {isa = PBXBuildFile; fileRef = 8FBA99F61F7281A4003A959F /* AppDelegate.swift */; };
		8FBA99FE1F7281A5003A959F /* Main.storyboard in Resources */ = {isa = PBXBuildFile; fileRef = 8FBA99FC1F7281A5003A959F /* Main.storyboard */; };
		8FBA9A001F7281A5003A959F /* Assets.xcassets in Resources */ = {isa = PBXBuildFile; fileRef = 8FBA99FF1F7281A5003A959F /* Assets.xcassets */; };
		8FBA9A031F7281A5003A959F /* LaunchScreen.storyboard in Resources */ = {isa = PBXBuildFile; fileRef = 8FBA9A011F7281A5003A959F /* LaunchScreen.storyboard */; };
		8FBA9A0B1F7281FC003A959F /* Constants.swift in Sources */ = {isa = PBXBuildFile; fileRef = 8FBA9A0A1F7281FC003A959F /* Constants.swift */; };
		8FBA9A0D1F728220003A959F /* Extensions.swift in Sources */ = {isa = PBXBuildFile; fileRef = 8FBA9A0C1F728220003A959F /* Extensions.swift */; };
		8FBA9A0F1F72827D003A959F /* Reachability.swift in Sources */ = {isa = PBXBuildFile; fileRef = 8FBA9A0E1F72827D003A959F /* Reachability.swift */; };
		8FBA9A111F728461003A959F /* APIHandler.swift in Sources */ = {isa = PBXBuildFile; fileRef = 8FBA9A101F728461003A959F /* APIHandler.swift */; };
		8FBA9A131F728479003A959F /* API.swift in Sources */ = {isa = PBXBuildFile; fileRef = 8FBA9A121F728479003A959F /* API.swift */; };
		8FBA9A151F7284E9003A959F /* EventsViewController.swift in Sources */ = {isa = PBXBuildFile; fileRef = 8FBA9A141F7284E9003A959F /* EventsViewController.swift */; };
		DFFBA4431F8B889A007CB649 /* ActionItemsViewController.swift in Sources */ = {isa = PBXBuildFile; fileRef = DFFBA4421F8B889A007CB649 /* ActionItemsViewController.swift */; };
/* End PBXBuildFile section */

/* Begin PBXFileReference section */
		1333E351AC4DDEF0CFE96D03 /* Pods-Sangha Teacher.debug.xcconfig */ = {isa = PBXFileReference; includeInIndex = 1; lastKnownFileType = text.xcconfig; name = "Pods-Sangha Teacher.debug.xcconfig"; path = "Pods/Target Support Files/Pods-Sangha Teacher/Pods-Sangha Teacher.debug.xcconfig"; sourceTree = "<group>"; };
		1C128ABF1F8B3E71008F4D62 /* Utilities.swift */ = {isa = PBXFileReference; lastKnownFileType = sourcecode.swift; path = Utilities.swift; sourceTree = "<group>"; };
		1C314FB91F84C2A9008CF054 /* EventDetailViewController.swift */ = {isa = PBXFileReference; lastKnownFileType = sourcecode.swift; path = EventDetailViewController.swift; sourceTree = "<group>"; };
		1C314FBB1F84C819008CF054 /* EventImageViewTableViewCell.swift */ = {isa = PBXFileReference; lastKnownFileType = sourcecode.swift; path = EventImageViewTableViewCell.swift; sourceTree = "<group>"; };
		1C314FBC1F84C819008CF054 /* EventImageViewTableViewCell.xib */ = {isa = PBXFileReference; lastKnownFileType = file.xib; path = EventImageViewTableViewCell.xib; sourceTree = "<group>"; };
		1C314FC01F84CB7C008CF054 /* EventTitleTableViewCell.swift */ = {isa = PBXFileReference; lastKnownFileType = sourcecode.swift; path = EventTitleTableViewCell.swift; sourceTree = "<group>"; };
		1C314FC11F84CB7C008CF054 /* EventTitleTableViewCell.xib */ = {isa = PBXFileReference; lastKnownFileType = file.xib; path = EventTitleTableViewCell.xib; sourceTree = "<group>"; };
		1C314FC81F84CD6D008CF054 /* EventDescriptionTableViewCell.swift */ = {isa = PBXFileReference; lastKnownFileType = sourcecode.swift; path = EventDescriptionTableViewCell.swift; sourceTree = "<group>"; };
		1C314FC91F84CD6D008CF054 /* EventDescriptionTableViewCell.xib */ = {isa = PBXFileReference; lastKnownFileType = file.xib; path = EventDescriptionTableViewCell.xib; sourceTree = "<group>"; };
		1C6A1B0E1F852B5200A1BF29 /* FSCalendar.framework */ = {isa = PBXFileReference; explicitFileType = wrapper.framework; path = FSCalendar.framework; sourceTree = BUILT_PRODUCTS_DIR; };
		1C6A1B101F852B5600A1BF29 /* SVProgressHUD.framework */ = {isa = PBXFileReference; explicitFileType = wrapper.framework; path = SVProgressHUD.framework; sourceTree = BUILT_PRODUCTS_DIR; };
		1C6A1B141F852B6700A1BF29 /* FSCalendar.framework */ = {isa = PBXFileReference; explicitFileType = wrapper.framework; path = FSCalendar.framework; sourceTree = BUILT_PRODUCTS_DIR; };
		1C6A1B151F852B6700A1BF29 /* Pods_Sangha_Teacher.framework */ = {isa = PBXFileReference; explicitFileType = wrapper.framework; path = Pods_Sangha_Teacher.framework; sourceTree = BUILT_PRODUCTS_DIR; };
		1C6A1B161F852B6700A1BF29 /* SVProgressHUD.framework */ = {isa = PBXFileReference; explicitFileType = wrapper.framework; path = SVProgressHUD.framework; sourceTree = BUILT_PRODUCTS_DIR; };
		1C847D261F8915820092F28B /* FLAnimatedImage.framework */ = {isa = PBXFileReference; explicitFileType = wrapper.framework; path = FLAnimatedImage.framework; sourceTree = BUILT_PRODUCTS_DIR; };
		1C847D281F8915850092F28B /* PINCache.framework */ = {isa = PBXFileReference; explicitFileType = wrapper.framework; path = PINCache.framework; sourceTree = BUILT_PRODUCTS_DIR; };
		1C847D2A1F8915870092F28B /* PINRemoteImage.framework */ = {isa = PBXFileReference; explicitFileType = wrapper.framework; path = PINRemoteImage.framework; sourceTree = BUILT_PRODUCTS_DIR; };
		1CE31FD31F88B5B00033BEE3 /* Sangha Teacher-Bridging-Header.h */ = {isa = PBXFileReference; lastKnownFileType = sourcecode.c.h; path = "Sangha Teacher-Bridging-Header.h"; sourceTree = "<group>"; };
		1CE31FD41F88B5B10033BEE3 /* UIBarButtonItem+Badge.m */ = {isa = PBXFileReference; fileEncoding = 4; lastKnownFileType = sourcecode.c.objc; path = "UIBarButtonItem+Badge.m"; sourceTree = "<group>"; };
		1CE31FD51F88B5B20033BEE3 /* UIButton+Badge.h */ = {isa = PBXFileReference; fileEncoding = 4; lastKnownFileType = sourcecode.c.h; path = "UIButton+Badge.h"; sourceTree = "<group>"; };
		1CE31FD61F88B5B20033BEE3 /* UIBarButtonItem+Badge.h */ = {isa = PBXFileReference; fileEncoding = 4; lastKnownFileType = sourcecode.c.h; path = "UIBarButtonItem+Badge.h"; sourceTree = "<group>"; };
		1CE31FD71F88B5B20033BEE3 /* UIButton+Badge.m */ = {isa = PBXFileReference; fileEncoding = 4; lastKnownFileType = sourcecode.c.objc; path = "UIButton+Badge.m"; sourceTree = "<group>"; };
		1CE31FDB1F88C0C50033BEE3 /* MTCircularSlider.swift */ = {isa = PBXFileReference; fileEncoding = 4; lastKnownFileType = sourcecode.swift; path = MTCircularSlider.swift; sourceTree = "<group>"; };
		1CE31FDD1F88C2130033BEE3 /* EventStatusTableViewCell.swift */ = {isa = PBXFileReference; lastKnownFileType = sourcecode.swift; path = EventStatusTableViewCell.swift; sourceTree = "<group>"; };
		1CE31FDE1F88C2130033BEE3 /* EventStatusTableViewCell.xib */ = {isa = PBXFileReference; lastKnownFileType = file.xib; path = EventStatusTableViewCell.xib; sourceTree = "<group>"; };
		1CE31FE11F88C31B0033BEE3 /* StatusCollectionViewCell.swift */ = {isa = PBXFileReference; lastKnownFileType = sourcecode.swift; path = StatusCollectionViewCell.swift; sourceTree = "<group>"; };
		1CE31FE21F88C31B0033BEE3 /* StatusCollectionViewCell.xib */ = {isa = PBXFileReference; lastKnownFileType = file.xib; path = StatusCollectionViewCell.xib; sourceTree = "<group>"; };
		1CF8F54D1F876A2700C7513A /* ClassList.swift */ = {isa = PBXFileReference; lastKnownFileType = sourcecode.swift; path = ClassList.swift; sourceTree = "<group>"; };
		1CF8F54F1F876BF600C7513A /* EventList.swift */ = {isa = PBXFileReference; lastKnownFileType = sourcecode.swift; path = EventList.swift; sourceTree = "<group>"; };
		1CF8F5521F8790A200C7513A /* FSCalendar.framework */ = {isa = PBXFileReference; explicitFileType = wrapper.framework; path = FSCalendar.framework; sourceTree = BUILT_PRODUCTS_DIR; };
		1CF8F5541F8790A500C7513A /* SVProgressHUD.framework */ = {isa = PBXFileReference; explicitFileType = wrapper.framework; path = SVProgressHUD.framework; sourceTree = BUILT_PRODUCTS_DIR; };
		3EC29D575624891BBEDA21BC /* Pods_Sangha_Teacher.framework */ = {isa = PBXFileReference; explicitFileType = wrapper.framework; includeInIndex = 0; path = Pods_Sangha_Teacher.framework; sourceTree = BUILT_PRODUCTS_DIR; };
		8F072B591F794E0C00B8BE78 /* EventTableHeaderView.swift */ = {isa = PBXFileReference; fileEncoding = 4; lastKnownFileType = sourcecode.swift; path = EventTableHeaderView.swift; sourceTree = "<group>"; };
		8F072B5B1F794E2B00B8BE78 /* EventTableHeaderView.xib */ = {isa = PBXFileReference; fileEncoding = 4; lastKnownFileType = file.xib; path = EventTableHeaderView.xib; sourceTree = "<group>"; };
		8F366FB11F7D040D00DB60DD /* HeaderView.swift */ = {isa = PBXFileReference; lastKnownFileType = sourcecode.swift; path = HeaderView.swift; sourceTree = "<group>"; };
		8F366FB31F7D0A3800DB60DD /* HeaderView.xib */ = {isa = PBXFileReference; lastKnownFileType = file.xib; path = HeaderView.xib; sourceTree = "<group>"; };
		8F366FB51F7D0F4800DB60DD /* ProximaNovaCond-SemiboldIt.otf */ = {isa = PBXFileReference; lastKnownFileType = file; path = "ProximaNovaCond-SemiboldIt.otf"; sourceTree = "<group>"; };
		8F366FB61F7D0F4900DB60DD /* ProximaNova-Black.otf */ = {isa = PBXFileReference; lastKnownFileType = file; path = "ProximaNova-Black.otf"; sourceTree = "<group>"; };
		8F366FB71F7D0F4B00DB60DD /* ProximaNovaCond-RegularIt.otf */ = {isa = PBXFileReference; lastKnownFileType = file; path = "ProximaNovaCond-RegularIt.otf"; sourceTree = "<group>"; };
		8F366FB81F7D0F4C00DB60DD /* ProximaNova-Regular.otf */ = {isa = PBXFileReference; lastKnownFileType = file; path = "ProximaNova-Regular.otf"; sourceTree = "<group>"; };
		8F366FB91F7D0F4D00DB60DD /* ProximaNovaCond-Light.otf */ = {isa = PBXFileReference; lastKnownFileType = file; path = "ProximaNovaCond-Light.otf"; sourceTree = "<group>"; };
		8F366FBA1F7D0F4E00DB60DD /* ProximaNova-Bold.otf */ = {isa = PBXFileReference; lastKnownFileType = file; path = "ProximaNova-Bold.otf"; sourceTree = "<group>"; };
		8F366FBB1F7D0F4F00DB60DD /* ProximaNova-Light.otf */ = {isa = PBXFileReference; lastKnownFileType = file; path = "ProximaNova-Light.otf"; sourceTree = "<group>"; };
		8F366FBC1F7D0F5000DB60DD /* ProximaNovaCond-LightIt.otf */ = {isa = PBXFileReference; lastKnownFileType = file; path = "ProximaNovaCond-LightIt.otf"; sourceTree = "<group>"; };
		8F366FBD1F7D0F5100DB60DD /* ProximaNova-Extrabold.otf */ = {isa = PBXFileReference; lastKnownFileType = file; path = "ProximaNova-Extrabold.otf"; sourceTree = "<group>"; };
		8F366FBE1F7D0F5300DB60DD /* ProximaNova-RegItalic.otf */ = {isa = PBXFileReference; lastKnownFileType = file; path = "ProximaNova-RegItalic.otf"; sourceTree = "<group>"; };
		8F366FBF1F7D0F5400DB60DD /* ProximaNovaCond-Semibold.otf */ = {isa = PBXFileReference; lastKnownFileType = file; path = "ProximaNovaCond-Semibold.otf"; sourceTree = "<group>"; };
		8F366FC01F7D0F5500DB60DD /* ProximaNova-SemiboldItalic.otf */ = {isa = PBXFileReference; lastKnownFileType = file; path = "ProximaNova-SemiboldItalic.otf"; sourceTree = "<group>"; };
		8F366FC11F7D0F5600DB60DD /* ProximaNova-RegularItalic.otf */ = {isa = PBXFileReference; lastKnownFileType = file; path = "ProximaNova-RegularItalic.otf"; sourceTree = "<group>"; };
		8F366FC21F7D0F5700DB60DD /* ProximaNova-LightItalic.otf */ = {isa = PBXFileReference; lastKnownFileType = file; path = "ProximaNova-LightItalic.otf"; sourceTree = "<group>"; };
		8F366FC31F7D0F5900DB60DD /* ProximaNovaCond-Regular.otf */ = {isa = PBXFileReference; lastKnownFileType = file; path = "ProximaNovaCond-Regular.otf"; sourceTree = "<group>"; };
		8F366FC41F7D0F5A00DB60DD /* ProximaNova-BoldIt.otf */ = {isa = PBXFileReference; lastKnownFileType = file; path = "ProximaNova-BoldIt.otf"; sourceTree = "<group>"; };
		8F366FC51F7D0F5B00DB60DD /* ProximaNova-Semibold.otf */ = {isa = PBXFileReference; lastKnownFileType = file; path = "ProximaNova-Semibold.otf"; sourceTree = "<group>"; };
		8F47E1611F7A82C000CDC544 /* SlideMenuController.swift */ = {isa = PBXFileReference; lastKnownFileType = sourcecode.swift; path = SlideMenuController.swift; sourceTree = "<group>"; };
		8F49FAAA1F7BC1F40018A9C4 /* LeftSideMenuViewController.swift */ = {isa = PBXFileReference; lastKnownFileType = sourcecode.swift; path = LeftSideMenuViewController.swift; sourceTree = "<group>"; };
		8F75A4581F824C3D00BEB9BF /* ClassesViewController.swift */ = {isa = PBXFileReference; lastKnownFileType = sourcecode.swift; path = ClassesViewController.swift; sourceTree = "<group>"; };
		8F75A45A1F82548900BEB9BF /* NotificationsViewController.swift */ = {isa = PBXFileReference; lastKnownFileType = sourcecode.swift; path = NotificationsViewController.swift; sourceTree = "<group>"; };
		8F75A45C1F8257F800BEB9BF /* AutoAlertViewController.swift */ = {isa = PBXFileReference; lastKnownFileType = sourcecode.swift; path = AutoAlertViewController.swift; sourceTree = "<group>"; };
		8F75A45E1F8258E700BEB9BF /* SettingsViewController.swift */ = {isa = PBXFileReference; lastKnownFileType = sourcecode.swift; path = SettingsViewController.swift; sourceTree = "<group>"; };
		8F75A4601F825FB500BEB9BF /* ClassesTableViewCell.swift */ = {isa = PBXFileReference; lastKnownFileType = sourcecode.swift; path = ClassesTableViewCell.swift; sourceTree = "<group>"; };
		8F75A4611F825FB500BEB9BF /* ClassesTableViewCell.xib */ = {isa = PBXFileReference; lastKnownFileType = file.xib; path = ClassesTableViewCell.xib; sourceTree = "<group>"; };
		8F9FCD9F1F752F21000BD163 /* EventTableViewCell.swift */ = {isa = PBXFileReference; fileEncoding = 4; lastKnownFileType = sourcecode.swift; path = EventTableViewCell.swift; sourceTree = "<group>"; };
		8F9FCDA01F752F21000BD163 /* EventTableViewCell.xib */ = {isa = PBXFileReference; fileEncoding = 4; lastKnownFileType = file.xib; path = EventTableViewCell.xib; sourceTree = "<group>"; };
		8FA0EC441F73F4E800B72943 /* LoginViewController.swift */ = {isa = PBXFileReference; fileEncoding = 4; lastKnownFileType = sourcecode.swift; path = LoginViewController.swift; sourceTree = "<group>"; };
		8FBA99F31F7281A4003A959F /* Sangha Teacher.app */ = {isa = PBXFileReference; explicitFileType = wrapper.application; includeInIndex = 0; path = "Sangha Teacher.app"; sourceTree = BUILT_PRODUCTS_DIR; };
		8FBA99F61F7281A4003A959F /* AppDelegate.swift */ = {isa = PBXFileReference; lastKnownFileType = sourcecode.swift; path = AppDelegate.swift; sourceTree = "<group>"; };
		8FBA99FD1F7281A5003A959F /* Base */ = {isa = PBXFileReference; lastKnownFileType = file.storyboard; name = Base; path = Base.lproj/Main.storyboard; sourceTree = "<group>"; };
		8FBA99FF1F7281A5003A959F /* Assets.xcassets */ = {isa = PBXFileReference; lastKnownFileType = folder.assetcatalog; path = Assets.xcassets; sourceTree = "<group>"; };
		8FBA9A021F7281A5003A959F /* Base */ = {isa = PBXFileReference; lastKnownFileType = file.storyboard; name = Base; path = Base.lproj/LaunchScreen.storyboard; sourceTree = "<group>"; };
		8FBA9A041F7281A5003A959F /* Info.plist */ = {isa = PBXFileReference; lastKnownFileType = text.plist.xml; path = Info.plist; sourceTree = "<group>"; };
		8FBA9A0A1F7281FC003A959F /* Constants.swift */ = {isa = PBXFileReference; fileEncoding = 4; lastKnownFileType = sourcecode.swift; path = Constants.swift; sourceTree = "<group>"; };
		8FBA9A0C1F728220003A959F /* Extensions.swift */ = {isa = PBXFileReference; fileEncoding = 4; lastKnownFileType = sourcecode.swift; path = Extensions.swift; sourceTree = "<group>"; };
		8FBA9A0E1F72827D003A959F /* Reachability.swift */ = {isa = PBXFileReference; fileEncoding = 4; lastKnownFileType = sourcecode.swift; path = Reachability.swift; sourceTree = "<group>"; };
		8FBA9A101F728461003A959F /* APIHandler.swift */ = {isa = PBXFileReference; fileEncoding = 4; lastKnownFileType = sourcecode.swift; path = APIHandler.swift; sourceTree = "<group>"; };
		8FBA9A121F728479003A959F /* API.swift */ = {isa = PBXFileReference; fileEncoding = 4; lastKnownFileType = sourcecode.swift; path = API.swift; sourceTree = "<group>"; };
		8FBA9A141F7284E9003A959F /* EventsViewController.swift */ = {isa = PBXFileReference; fileEncoding = 4; lastKnownFileType = sourcecode.swift; path = EventsViewController.swift; sourceTree = "<group>"; };
		D58B5B47AE9752BA4D793D0D /* Pods-Sangha Teacher.release.xcconfig */ = {isa = PBXFileReference; includeInIndex = 1; lastKnownFileType = text.xcconfig; name = "Pods-Sangha Teacher.release.xcconfig"; path = "Pods/Target Support Files/Pods-Sangha Teacher/Pods-Sangha Teacher.release.xcconfig"; sourceTree = "<group>"; };
		DFFBA4421F8B889A007CB649 /* ActionItemsViewController.swift */ = {isa = PBXFileReference; lastKnownFileType = sourcecode.swift; path = ActionItemsViewController.swift; sourceTree = "<group>"; };
/* End PBXFileReference section */

/* Begin PBXFrameworksBuildPhase section */
		8FBA99F01F7281A4003A959F /* Frameworks */ = {
			isa = PBXFrameworksBuildPhase;
			buildActionMask = 2147483647;
			files = (
				1C847D291F8915870092F28B /* PINRemoteImage.framework in Frameworks */,
				1C847D271F8915850092F28B /* PINCache.framework in Frameworks */,
				1C847D251F8915820092F28B /* FLAnimatedImage.framework in Frameworks */,
				1CF8F5531F8790A500C7513A /* SVProgressHUD.framework in Frameworks */,
				1CF8F5511F8790A200C7513A /* FSCalendar.framework in Frameworks */,
				1C6A1B121F852B6700A1BF29 /* Pods_Sangha_Teacher.framework in Frameworks */,
			);
			runOnlyForDeploymentPostprocessing = 0;
		};
/* End PBXFrameworksBuildPhase section */

/* Begin PBXGroup section */
		1C314FBF1F84C9F8008CF054 /* Event Detail  */ = {
			isa = PBXGroup;
			children = (
				1C314FC01F84CB7C008CF054 /* EventTitleTableViewCell.swift */,
				1C314FC11F84CB7C008CF054 /* EventTitleTableViewCell.xib */,
				1C314FBB1F84C819008CF054 /* EventImageViewTableViewCell.swift */,
				1C314FBC1F84C819008CF054 /* EventImageViewTableViewCell.xib */,
				1C314FC81F84CD6D008CF054 /* EventDescriptionTableViewCell.swift */,
				1C314FC91F84CD6D008CF054 /* EventDescriptionTableViewCell.xib */,
				1CE31FDD1F88C2130033BEE3 /* EventStatusTableViewCell.swift */,
				1CE31FDE1F88C2130033BEE3 /* EventStatusTableViewCell.xib */,
				1CE31FE11F88C31B0033BEE3 /* StatusCollectionViewCell.swift */,
				1CE31FE21F88C31B0033BEE3 /* StatusCollectionViewCell.xib */,
			);
			name = "Event Detail ";
			sourceTree = "<group>";
		};
		1CE31FDA1F88B5C30033BEE3 /* Resources */ = {
			isa = PBXGroup;
			children = (
				1CE31FDB1F88C0C50033BEE3 /* MTCircularSlider.swift */,
				1CE31FD61F88B5B20033BEE3 /* UIBarButtonItem+Badge.h */,
				1CE31FD41F88B5B10033BEE3 /* UIBarButtonItem+Badge.m */,
				1CE31FD51F88B5B20033BEE3 /* UIButton+Badge.h */,
				1CE31FD71F88B5B20033BEE3 /* UIButton+Badge.m */,
			);
			name = Resources;
			sourceTree = "<group>";
		};
		5E32F3A5FD8BABF4F74141FF /* Frameworks */ = {
			isa = PBXGroup;
			children = (
				1C847D2A1F8915870092F28B /* PINRemoteImage.framework */,
				1C847D281F8915850092F28B /* PINCache.framework */,
				1C847D261F8915820092F28B /* FLAnimatedImage.framework */,
				1CF8F5541F8790A500C7513A /* SVProgressHUD.framework */,
				1CF8F5521F8790A200C7513A /* FSCalendar.framework */,
				1C6A1B141F852B6700A1BF29 /* FSCalendar.framework */,
				1C6A1B151F852B6700A1BF29 /* Pods_Sangha_Teacher.framework */,
				1C6A1B161F852B6700A1BF29 /* SVProgressHUD.framework */,
				1C6A1B101F852B5600A1BF29 /* SVProgressHUD.framework */,
				1C6A1B0E1F852B5200A1BF29 /* FSCalendar.framework */,
				3EC29D575624891BBEDA21BC /* Pods_Sangha_Teacher.framework */,
			);
			name = Frameworks;
			sourceTree = "<group>";
		};
		8F366FC61F7D0F6C00DB60DD /* Fonts */ = {
			isa = PBXGroup;
			children = (
				8F366FB61F7D0F4900DB60DD /* ProximaNova-Black.otf */,
				8F366FBA1F7D0F4E00DB60DD /* ProximaNova-Bold.otf */,
				8F366FC41F7D0F5A00DB60DD /* ProximaNova-BoldIt.otf */,
				8F366FBD1F7D0F5100DB60DD /* ProximaNova-Extrabold.otf */,
				8F366FBB1F7D0F4F00DB60DD /* ProximaNova-Light.otf */,
				8F366FC21F7D0F5700DB60DD /* ProximaNova-LightItalic.otf */,
				8F366FBE1F7D0F5300DB60DD /* ProximaNova-RegItalic.otf */,
				8F366FB81F7D0F4C00DB60DD /* ProximaNova-Regular.otf */,
				8F366FC11F7D0F5600DB60DD /* ProximaNova-RegularItalic.otf */,
				8F366FC51F7D0F5B00DB60DD /* ProximaNova-Semibold.otf */,
				8F366FC01F7D0F5500DB60DD /* ProximaNova-SemiboldItalic.otf */,
				8F366FB91F7D0F4D00DB60DD /* ProximaNovaCond-Light.otf */,
				8F366FBC1F7D0F5000DB60DD /* ProximaNovaCond-LightIt.otf */,
				8F366FC31F7D0F5900DB60DD /* ProximaNovaCond-Regular.otf */,
				8F366FB71F7D0F4B00DB60DD /* ProximaNovaCond-RegularIt.otf */,
				8F366FBF1F7D0F5400DB60DD /* ProximaNovaCond-Semibold.otf */,
				8F366FB51F7D0F4800DB60DD /* ProximaNovaCond-SemiboldIt.otf */,
			);
			name = Fonts;
			sourceTree = "<group>";
		};
		8F9FCD8B1F7503A8000BD163 /* Reachability */ = {
			isa = PBXGroup;
			children = (
				8FBA9A0E1F72827D003A959F /* Reachability.swift */,
			);
			name = Reachability;
			sourceTree = "<group>";
		};
		8F9FCD8C1F7503C4000BD163 /* Utils */ = {
			isa = PBXGroup;
			children = (
				8FBA9A0A1F7281FC003A959F /* Constants.swift */,
				8FBA9A0C1F728220003A959F /* Extensions.swift */,
				1C128ABF1F8B3E71008F4D62 /* Utilities.swift */,
			);
			name = Utils;
			sourceTree = "<group>";
		};
		8F9FCD8D1F7503D2000BD163 /* Controller */ = {
			isa = PBXGroup;
			children = (
				8FBA9A141F7284E9003A959F /* EventsViewController.swift */,
				1C314FB91F84C2A9008CF054 /* EventDetailViewController.swift */,
				8FA0EC441F73F4E800B72943 /* LoginViewController.swift */,
				8F75A4581F824C3D00BEB9BF /* ClassesViewController.swift */,
				8F75A45A1F82548900BEB9BF /* NotificationsViewController.swift */,
				8F75A45C1F8257F800BEB9BF /* AutoAlertViewController.swift */,
				8F75A45E1F8258E700BEB9BF /* SettingsViewController.swift */,
				DFFBA4421F8B889A007CB649 /* ActionItemsViewController.swift */,
			);
			name = Controller;
			sourceTree = "<group>";
		};
		8F9FCD8E1F7503DE000BD163 /* API */ = {
			isa = PBXGroup;
			children = (
				8FBA9A101F728461003A959F /* APIHandler.swift */,
				8FBA9A121F728479003A959F /* API.swift */,
			);
			name = API;
			sourceTree = "<group>";
		};
		8F9FCDA31F75321A000BD163 /* xib */ = {
			isa = PBXGroup;
			children = (
				8F9FCD9F1F752F21000BD163 /* EventTableViewCell.swift */,
				8F9FCDA01F752F21000BD163 /* EventTableViewCell.xib */,
				1C314FBF1F84C9F8008CF054 /* Event Detail  */,
				8F75A4601F825FB500BEB9BF /* ClassesTableViewCell.swift */,
				8F75A4611F825FB500BEB9BF /* ClassesTableViewCell.xib */,
				8F072B591F794E0C00B8BE78 /* EventTableHeaderView.swift */,
				8F072B5B1F794E2B00B8BE78 /* EventTableHeaderView.xib */,
				8F366FB11F7D040D00DB60DD /* HeaderView.swift */,
				8F366FB31F7D0A3800DB60DD /* HeaderView.xib */,
			);
			name = xib;
			sourceTree = "<group>";
		};
		8FAD83D31F75761400C287A8 /* Model */ = {
			isa = PBXGroup;
			children = (
				1CF8F54D1F876A2700C7513A /* ClassList.swift */,
				1CF8F54F1F876BF600C7513A /* EventList.swift */,
			);
			name = Model;
			sourceTree = "<group>";
		};
		8FBA99EA1F7281A4003A959F = {
			isa = PBXGroup;
			children = (
				8FBA99F51F7281A4003A959F /* Sangha Teacher */,
				8FBA99F41F7281A4003A959F /* Products */,
				CFC656F4AA7E2C73F67BDC6C /* Pods */,
				5E32F3A5FD8BABF4F74141FF /* Frameworks */,
			);
			sourceTree = "<group>";
		};
		8FBA99F41F7281A4003A959F /* Products */ = {
			isa = PBXGroup;
			children = (
				8FBA99F31F7281A4003A959F /* Sangha Teacher.app */,
			);
			name = Products;
			sourceTree = "<group>";
		};
		8FBA99F51F7281A4003A959F /* Sangha Teacher */ = {
			isa = PBXGroup;
			children = (
				8FBA99F61F7281A4003A959F /* AppDelegate.swift */,
				8F47E1611F7A82C000CDC544 /* SlideMenuController.swift */,
				8F49FAAA1F7BC1F40018A9C4 /* LeftSideMenuViewController.swift */,
				1CE31FDA1F88B5C30033BEE3 /* Resources */,
				8F366FC61F7D0F6C00DB60DD /* Fonts */,
				8F9FCD8E1F7503DE000BD163 /* API */,
				8F9FCD8B1F7503A8000BD163 /* Reachability */,
				8F9FCD8C1F7503C4000BD163 /* Utils */,
				8F9FCD8D1F7503D2000BD163 /* Controller */,
				8FAD83D31F75761400C287A8 /* Model */,
				8F9FCDA31F75321A000BD163 /* xib */,
				8FBA99FC1F7281A5003A959F /* Main.storyboard */,
				8FBA99FF1F7281A5003A959F /* Assets.xcassets */,
				8FBA9A011F7281A5003A959F /* LaunchScreen.storyboard */,
				8FBA9A041F7281A5003A959F /* Info.plist */,
				1CE31FD31F88B5B00033BEE3 /* Sangha Teacher-Bridging-Header.h */,
			);
			path = "Sangha Teacher";
			sourceTree = "<group>";
		};
		CFC656F4AA7E2C73F67BDC6C /* Pods */ = {
			isa = PBXGroup;
			children = (
				1333E351AC4DDEF0CFE96D03 /* Pods-Sangha Teacher.debug.xcconfig */,
				D58B5B47AE9752BA4D793D0D /* Pods-Sangha Teacher.release.xcconfig */,
			);
			name = Pods;
			sourceTree = "<group>";
		};
/* End PBXGroup section */

/* Begin PBXNativeTarget section */
		8FBA99F21F7281A4003A959F /* Sangha Teacher */ = {
			isa = PBXNativeTarget;
			buildConfigurationList = 8FBA9A071F7281A5003A959F /* Build configuration list for PBXNativeTarget "Sangha Teacher" */;
			buildPhases = (
				EE36EBE86C010C5C1D362034 /* [CP] Check Pods Manifest.lock */,
				8FBA99EF1F7281A4003A959F /* Sources */,
				8FBA99F01F7281A4003A959F /* Frameworks */,
				8FBA99F11F7281A4003A959F /* Resources */,
				1FF48071D575CCC80EDB6E7B /* [CP] Embed Pods Frameworks */,
				D3A52CC395FFE24A627F4F96 /* [CP] Copy Pods Resources */,
			);
			buildRules = (
			);
			dependencies = (
			);
			name = "Sangha Teacher";
			productName = "Sangha Teacher";
			productReference = 8FBA99F31F7281A4003A959F /* Sangha Teacher.app */;
			productType = "com.apple.product-type.application";
		};
/* End PBXNativeTarget section */

/* Begin PBXProject section */
		8FBA99EB1F7281A4003A959F /* Project object */ = {
			isa = PBXProject;
			attributes = {
				LastSwiftUpdateCheck = 0820;
				LastUpgradeCheck = 0900;
				ORGANIZATIONNAME = Sangha;
				TargetAttributes = {
					8FBA99F21F7281A4003A959F = {
						CreatedOnToolsVersion = 8.2.1;
						DevelopmentTeam = 4N7N8D95WX;
						LastSwiftMigration = 0900;
						ProvisioningStyle = Automatic;
					};
				};
			};
			buildConfigurationList = 8FBA99EE1F7281A4003A959F /* Build configuration list for PBXProject "Sangha Teacher" */;
			compatibilityVersion = "Xcode 3.2";
			developmentRegion = English;
			hasScannedForEncodings = 0;
			knownRegions = (
				en,
				Base,
			);
			mainGroup = 8FBA99EA1F7281A4003A959F;
			productRefGroup = 8FBA99F41F7281A4003A959F /* Products */;
			projectDirPath = "";
			projectRoot = "";
			targets = (
				8FBA99F21F7281A4003A959F /* Sangha Teacher */,
			);
		};
/* End PBXProject section */

/* Begin PBXResourcesBuildPhase section */
		8FBA99F11F7281A4003A959F /* Resources */ = {
			isa = PBXResourcesBuildPhase;
			buildActionMask = 2147483647;
			files = (
				8F366FC71F7D10DC00DB60DD /* ProximaNova-Black.otf in Resources */,
				8F366FC81F7D10DC00DB60DD /* ProximaNova-Bold.otf in Resources */,
				8F366FC91F7D10DC00DB60DD /* ProximaNova-BoldIt.otf in Resources */,
				8F366FCA1F7D10DC00DB60DD /* ProximaNova-Extrabold.otf in Resources */,
				8F366FCB1F7D10DC00DB60DD /* ProximaNova-Light.otf in Resources */,
				8F366FCC1F7D10DC00DB60DD /* ProximaNova-LightItalic.otf in Resources */,
				8F366FCD1F7D10DC00DB60DD /* ProximaNova-RegItalic.otf in Resources */,
				8F366FCE1F7D10DC00DB60DD /* ProximaNova-Regular.otf in Resources */,
				8F366FCF1F7D10DC00DB60DD /* ProximaNova-RegularItalic.otf in Resources */,
				8F366FD01F7D10DC00DB60DD /* ProximaNova-Semibold.otf in Resources */,
				8F366FD11F7D10DC00DB60DD /* ProximaNova-SemiboldItalic.otf in Resources */,
				8F366FD21F7D10DC00DB60DD /* ProximaNovaCond-Light.otf in Resources */,
				8F366FD31F7D10DC00DB60DD /* ProximaNovaCond-LightIt.otf in Resources */,
				8F366FD41F7D10DC00DB60DD /* ProximaNovaCond-Regular.otf in Resources */,
				1CE31FE41F88C31B0033BEE3 /* StatusCollectionViewCell.xib in Resources */,
				8F366FD51F7D10DC00DB60DD /* ProximaNovaCond-RegularIt.otf in Resources */,
				8F366FD61F7D10DC00DB60DD /* ProximaNovaCond-Semibold.otf in Resources */,
				8F366FD71F7D10DC00DB60DD /* ProximaNovaCond-SemiboldIt.otf in Resources */,
				8F072B5C1F794E2B00B8BE78 /* EventTableHeaderView.xib in Resources */,
				1CE31FE01F88C2130033BEE3 /* EventStatusTableViewCell.xib in Resources */,
				8F75A4631F825FB500BEB9BF /* ClassesTableViewCell.xib in Resources */,
				1C314FBE1F84C819008CF054 /* EventImageViewTableViewCell.xib in Resources */,
				1C314FCB1F84CD6D008CF054 /* EventDescriptionTableViewCell.xib in Resources */,
				8F9FCDA21F752F21000BD163 /* EventTableViewCell.xib in Resources */,
				1C314FC31F84CB7C008CF054 /* EventTitleTableViewCell.xib in Resources */,
				8FBA9A031F7281A5003A959F /* LaunchScreen.storyboard in Resources */,
				8F366FB41F7D0A3800DB60DD /* HeaderView.xib in Resources */,
				8FBA9A001F7281A5003A959F /* Assets.xcassets in Resources */,
				8FBA99FE1F7281A5003A959F /* Main.storyboard in Resources */,
			);
			runOnlyForDeploymentPostprocessing = 0;
		};
/* End PBXResourcesBuildPhase section */

/* Begin PBXShellScriptBuildPhase section */
		1FF48071D575CCC80EDB6E7B /* [CP] Embed Pods Frameworks */ = {
			isa = PBXShellScriptBuildPhase;
			buildActionMask = 2147483647;
			files = (
			);
			inputPaths = (
				"${SRCROOT}/Pods/Target Support Files/Pods-Sangha Teacher/Pods-Sangha Teacher-frameworks.sh",
				"${BUILT_PRODUCTS_DIR}/FLAnimatedImage/FLAnimatedImage.framework",
				"${BUILT_PRODUCTS_DIR}/FSCalendar/FSCalendar.framework",
				"${BUILT_PRODUCTS_DIR}/PINCache/PINCache.framework",
				"${BUILT_PRODUCTS_DIR}/PINRemoteImage/PINRemoteImage.framework",
				"${BUILT_PRODUCTS_DIR}/SVProgressHUD/SVProgressHUD.framework",
			);
			name = "[CP] Embed Pods Frameworks";
			outputPaths = (
				"${TARGET_BUILD_DIR}/${FRAMEWORKS_FOLDER_PATH}/FLAnimatedImage.framework",
				"${TARGET_BUILD_DIR}/${FRAMEWORKS_FOLDER_PATH}/FSCalendar.framework",
				"${TARGET_BUILD_DIR}/${FRAMEWORKS_FOLDER_PATH}/PINCache.framework",
				"${TARGET_BUILD_DIR}/${FRAMEWORKS_FOLDER_PATH}/PINRemoteImage.framework",
				"${TARGET_BUILD_DIR}/${FRAMEWORKS_FOLDER_PATH}/SVProgressHUD.framework",
			);
			runOnlyForDeploymentPostprocessing = 0;
			shellPath = /bin/sh;
			shellScript = "\"${SRCROOT}/Pods/Target Support Files/Pods-Sangha Teacher/Pods-Sangha Teacher-frameworks.sh\"\n";
			showEnvVarsInLog = 0;
		};
		D3A52CC395FFE24A627F4F96 /* [CP] Copy Pods Resources */ = {
			isa = PBXShellScriptBuildPhase;
			buildActionMask = 2147483647;
			files = (
			);
			inputPaths = (
			);
			name = "[CP] Copy Pods Resources";
			outputPaths = (
			);
			runOnlyForDeploymentPostprocessing = 0;
			shellPath = /bin/sh;
			shellScript = "\"${SRCROOT}/Pods/Target Support Files/Pods-Sangha Teacher/Pods-Sangha Teacher-resources.sh\"\n";
			showEnvVarsInLog = 0;
		};
		EE36EBE86C010C5C1D362034 /* [CP] Check Pods Manifest.lock */ = {
			isa = PBXShellScriptBuildPhase;
			buildActionMask = 2147483647;
			files = (
			);
			inputPaths = (
				"${PODS_PODFILE_DIR_PATH}/Podfile.lock",
				"${PODS_ROOT}/Manifest.lock",
			);
			name = "[CP] Check Pods Manifest.lock";
			outputPaths = (
				"$(DERIVED_FILE_DIR)/Pods-Sangha Teacher-checkManifestLockResult.txt",
			);
			runOnlyForDeploymentPostprocessing = 0;
			shellPath = /bin/sh;
			shellScript = "diff \"${PODS_PODFILE_DIR_PATH}/Podfile.lock\" \"${PODS_ROOT}/Manifest.lock\" > /dev/null\nif [ $? != 0 ] ; then\n    # print error to STDERR\n    echo \"error: The sandbox is not in sync with the Podfile.lock. Run 'pod install' or update your CocoaPods installation.\" >&2\n    exit 1\nfi\n# This output is used by Xcode 'outputs' to avoid re-running this script phase.\necho \"SUCCESS\" > \"${SCRIPT_OUTPUT_FILE_0}\"\n";
			showEnvVarsInLog = 0;
		};
/* End PBXShellScriptBuildPhase section */

/* Begin PBXSourcesBuildPhase section */
		8FBA99EF1F7281A4003A959F /* Sources */ = {
			isa = PBXSourcesBuildPhase;
			buildActionMask = 2147483647;
			files = (
				8FBA9A111F728461003A959F /* APIHandler.swift in Sources */,
				8F072B5A1F794E0C00B8BE78 /* EventTableHeaderView.swift in Sources */,
				8F49FAAB1F7BC1F40018A9C4 /* LeftSideMenuViewController.swift in Sources */,
				8F75A4591F824C3D00BEB9BF /* ClassesViewController.swift in Sources */,
				8F75A45D1F8257F800BEB9BF /* AutoAlertViewController.swift in Sources */,
				8FBA9A0D1F728220003A959F /* Extensions.swift in Sources */,
				8FBA9A0F1F72827D003A959F /* Reachability.swift in Sources */,
				1C314FCA1F84CD6D008CF054 /* EventDescriptionTableViewCell.swift in Sources */,
				8F9FCDA11F752F21000BD163 /* EventTableViewCell.swift in Sources */,
				1C314FC21F84CB7C008CF054 /* EventTitleTableViewCell.swift in Sources */,
				8FBA99F71F7281A4003A959F /* AppDelegate.swift in Sources */,
				DFFBA4431F8B889A007CB649 /* ActionItemsViewController.swift in Sources */,
				8FA0EC451F73F4E800B72943 /* LoginViewController.swift in Sources */,
				1CF8F54E1F876A2700C7513A /* ClassList.swift in Sources */,
				1CE31FD91F88B5B20033BEE3 /* UIButton+Badge.m in Sources */,
				1CF8F5501F876BF600C7513A /* EventList.swift in Sources */,
				8F47E1621F7A82C100CDC544 /* SlideMenuController.swift in Sources */,
				1C314FBD1F84C819008CF054 /* EventImageViewTableViewCell.swift in Sources */,
				1C314FBA1F84C2A9008CF054 /* EventDetailViewController.swift in Sources */,
				1C128AC01F8B3E72008F4D62 /* Utilities.swift in Sources */,
				8F366FB21F7D040D00DB60DD /* HeaderView.swift in Sources */,
				8FBA9A131F728479003A959F /* API.swift in Sources */,
				1CE31FD81F88B5B20033BEE3 /* UIBarButtonItem+Badge.m in Sources */,
				8FBA9A0B1F7281FC003A959F /* Constants.swift in Sources */,
				8F75A45B1F82548900BEB9BF /* NotificationsViewController.swift in Sources */,
				1CE31FDC1F88C0C60033BEE3 /* MTCircularSlider.swift in Sources */,
				8F75A4621F825FB500BEB9BF /* ClassesTableViewCell.swift in Sources */,
				8FBA9A151F7284E9003A959F /* EventsViewController.swift in Sources */,
				1CE31FDF1F88C2130033BEE3 /* EventStatusTableViewCell.swift in Sources */,
				8F75A45F1F8258E700BEB9BF /* SettingsViewController.swift in Sources */,
				1CE31FE31F88C31B0033BEE3 /* StatusCollectionViewCell.swift in Sources */,
			);
			runOnlyForDeploymentPostprocessing = 0;
		};
/* End PBXSourcesBuildPhase section */

/* Begin PBXVariantGroup section */
		8FBA99FC1F7281A5003A959F /* Main.storyboard */ = {
			isa = PBXVariantGroup;
			children = (
				8FBA99FD1F7281A5003A959F /* Base */,
			);
			name = Main.storyboard;
			sourceTree = "<group>";
		};
		8FBA9A011F7281A5003A959F /* LaunchScreen.storyboard */ = {
			isa = PBXVariantGroup;
			children = (
				8FBA9A021F7281A5003A959F /* Base */,
			);
			name = LaunchScreen.storyboard;
			sourceTree = "<group>";
		};
/* End PBXVariantGroup section */

/* Begin XCBuildConfiguration section */
		8FBA9A051F7281A5003A959F /* Debug */ = {
			isa = XCBuildConfiguration;
			buildSettings = {
				ALWAYS_SEARCH_USER_PATHS = NO;
				CLANG_ANALYZER_NONNULL = YES;
				CLANG_CXX_LANGUAGE_STANDARD = "gnu++0x";
				CLANG_CXX_LIBRARY = "libc++";
				CLANG_ENABLE_MODULES = YES;
				CLANG_ENABLE_OBJC_ARC = YES;
				CLANG_WARN_BLOCK_CAPTURE_AUTORELEASING = YES;
				CLANG_WARN_BOOL_CONVERSION = YES;
				CLANG_WARN_COMMA = YES;
				CLANG_WARN_CONSTANT_CONVERSION = YES;
				CLANG_WARN_DIRECT_OBJC_ISA_USAGE = YES_ERROR;
				CLANG_WARN_DOCUMENTATION_COMMENTS = YES;
				CLANG_WARN_EMPTY_BODY = YES;
				CLANG_WARN_ENUM_CONVERSION = YES;
				CLANG_WARN_INFINITE_RECURSION = YES;
				CLANG_WARN_INT_CONVERSION = YES;
				CLANG_WARN_NON_LITERAL_NULL_CONVERSION = YES;
				CLANG_WARN_OBJC_LITERAL_CONVERSION = YES;
				CLANG_WARN_OBJC_ROOT_CLASS = YES_ERROR;
				CLANG_WARN_RANGE_LOOP_ANALYSIS = YES;
				CLANG_WARN_STRICT_PROTOTYPES = YES;
				CLANG_WARN_SUSPICIOUS_MOVE = YES;
				CLANG_WARN_UNREACHABLE_CODE = YES;
				CLANG_WARN__DUPLICATE_METHOD_MATCH = YES;
				"CODE_SIGN_IDENTITY[sdk=iphoneos*]" = "iPhone Developer";
				COPY_PHASE_STRIP = NO;
				DEBUG_INFORMATION_FORMAT = dwarf;
				ENABLE_STRICT_OBJC_MSGSEND = YES;
				ENABLE_TESTABILITY = YES;
				GCC_C_LANGUAGE_STANDARD = gnu99;
				GCC_DYNAMIC_NO_PIC = NO;
				GCC_NO_COMMON_BLOCKS = YES;
				GCC_OPTIMIZATION_LEVEL = 0;
				GCC_PREPROCESSOR_DEFINITIONS = (
					"DEBUG=1",
					"$(inherited)",
				);
				GCC_WARN_64_TO_32_BIT_CONVERSION = YES;
				GCC_WARN_ABOUT_RETURN_TYPE = YES_ERROR;
				GCC_WARN_UNDECLARED_SELECTOR = YES;
				GCC_WARN_UNINITIALIZED_AUTOS = YES_AGGRESSIVE;
				GCC_WARN_UNUSED_FUNCTION = YES;
				GCC_WARN_UNUSED_VARIABLE = YES;
				IPHONEOS_DEPLOYMENT_TARGET = 10.2;
				MTL_ENABLE_DEBUG_INFO = YES;
				ONLY_ACTIVE_ARCH = YES;
				SDKROOT = iphoneos;
				SWIFT_ACTIVE_COMPILATION_CONDITIONS = DEBUG;
				SWIFT_OPTIMIZATION_LEVEL = "-Onone";
				TARGETED_DEVICE_FAMILY = "1,2";
			};
			name = Debug;
		};
		8FBA9A061F7281A5003A959F /* Release */ = {
			isa = XCBuildConfiguration;
			buildSettings = {
				ALWAYS_SEARCH_USER_PATHS = NO;
				CLANG_ANALYZER_NONNULL = YES;
				CLANG_CXX_LANGUAGE_STANDARD = "gnu++0x";
				CLANG_CXX_LIBRARY = "libc++";
				CLANG_ENABLE_MODULES = YES;
				CLANG_ENABLE_OBJC_ARC = YES;
				CLANG_WARN_BLOCK_CAPTURE_AUTORELEASING = YES;
				CLANG_WARN_BOOL_CONVERSION = YES;
				CLANG_WARN_COMMA = YES;
				CLANG_WARN_CONSTANT_CONVERSION = YES;
				CLANG_WARN_DIRECT_OBJC_ISA_USAGE = YES_ERROR;
				CLANG_WARN_DOCUMENTATION_COMMENTS = YES;
				CLANG_WARN_EMPTY_BODY = YES;
				CLANG_WARN_ENUM_CONVERSION = YES;
				CLANG_WARN_INFINITE_RECURSION = YES;
				CLANG_WARN_INT_CONVERSION = YES;
				CLANG_WARN_NON_LITERAL_NULL_CONVERSION = YES;
				CLANG_WARN_OBJC_LITERAL_CONVERSION = YES;
				CLANG_WARN_OBJC_ROOT_CLASS = YES_ERROR;
				CLANG_WARN_RANGE_LOOP_ANALYSIS = YES;
				CLANG_WARN_STRICT_PROTOTYPES = YES;
				CLANG_WARN_SUSPICIOUS_MOVE = YES;
				CLANG_WARN_UNREACHABLE_CODE = YES;
				CLANG_WARN__DUPLICATE_METHOD_MATCH = YES;
				"CODE_SIGN_IDENTITY[sdk=iphoneos*]" = "iPhone Developer";
				COPY_PHASE_STRIP = NO;
				DEBUG_INFORMATION_FORMAT = "dwarf-with-dsym";
				ENABLE_NS_ASSERTIONS = NO;
				ENABLE_STRICT_OBJC_MSGSEND = YES;
				GCC_C_LANGUAGE_STANDARD = gnu99;
				GCC_NO_COMMON_BLOCKS = YES;
				GCC_WARN_64_TO_32_BIT_CONVERSION = YES;
				GCC_WARN_ABOUT_RETURN_TYPE = YES_ERROR;
				GCC_WARN_UNDECLARED_SELECTOR = YES;
				GCC_WARN_UNINITIALIZED_AUTOS = YES_AGGRESSIVE;
				GCC_WARN_UNUSED_FUNCTION = YES;
				GCC_WARN_UNUSED_VARIABLE = YES;
				IPHONEOS_DEPLOYMENT_TARGET = 10.2;
				MTL_ENABLE_DEBUG_INFO = NO;
				SDKROOT = iphoneos;
				SWIFT_OPTIMIZATION_LEVEL = "-Owholemodule";
				TARGETED_DEVICE_FAMILY = "1,2";
				VALIDATE_PRODUCT = YES;
			};
			name = Release;
		};
		8FBA9A081F7281A5003A959F /* Debug */ = {
			isa = XCBuildConfiguration;
			baseConfigurationReference = 1333E351AC4DDEF0CFE96D03 /* Pods-Sangha Teacher.debug.xcconfig */;
			buildSettings = {
				ASSETCATALOG_COMPILER_APPICON_NAME = AppIcon;
				CLANG_ENABLE_MODULES = YES;
				DEVELOPMENT_TEAM = 4N7N8D95WX;
				INFOPLIST_FILE = "Sangha Teacher/Info.plist";
				IPHONEOS_DEPLOYMENT_TARGET = 10;
				LD_RUNPATH_SEARCH_PATHS = "$(inherited) @executable_path/Frameworks";
				PRODUCT_BUNDLE_IDENTIFIER = com.sanghapp.ios.tapp.beta;
				PRODUCT_NAME = "$(TARGET_NAME)";
				SWIFT_OBJC_BRIDGING_HEADER = "Sangha Teacher/Sangha Teacher-Bridging-Header.h";
				SWIFT_OPTIMIZATION_LEVEL = "-Onone";
				SWIFT_VERSION = 3.0;
			};
			name = Debug;
		};
		8FBA9A091F7281A5003A959F /* Release */ = {
			isa = XCBuildConfiguration;
			baseConfigurationReference = D58B5B47AE9752BA4D793D0D /* Pods-Sangha Teacher.release.xcconfig */;
			buildSettings = {
				ASSETCATALOG_COMPILER_APPICON_NAME = AppIcon;
				CLANG_ENABLE_MODULES = YES;
				DEVELOPMENT_TEAM = 4N7N8D95WX;
				INFOPLIST_FILE = "Sangha Teacher/Info.plist";
				IPHONEOS_DEPLOYMENT_TARGET = 10;
				LD_RUNPATH_SEARCH_PATHS = "$(inherited) @executable_path/Frameworks";
				PRODUCT_BUNDLE_IDENTIFIER = com.sanghapp.ios.tapp.beta;
				PRODUCT_NAME = "$(TARGET_NAME)";
				SWIFT_OBJC_BRIDGING_HEADER = "Sangha Teacher/Sangha Teacher-Bridging-Header.h";
				SWIFT_VERSION = 3.0;
			};
			name = Release;
		};
/* End XCBuildConfiguration section */

/* Begin XCConfigurationList section */
		8FBA99EE1F7281A4003A959F /* Build configuration list for PBXProject "Sangha Teacher" */ = {
			isa = XCConfigurationList;
			buildConfigurations = (
				8FBA9A051F7281A5003A959F /* Debug */,
				8FBA9A061F7281A5003A959F /* Release */,
			);
			defaultConfigurationIsVisible = 0;
			defaultConfigurationName = Release;
		};
		8FBA9A071F7281A5003A959F /* Build configuration list for PBXNativeTarget "Sangha Teacher" */ = {
			isa = XCConfigurationList;
			buildConfigurations = (
				8FBA9A081F7281A5003A959F /* Debug */,
				8FBA9A091F7281A5003A959F /* Release */,
			);
			defaultConfigurationIsVisible = 0;
			defaultConfigurationName = Release;
		};
/* End XCConfigurationList section */
	};
	rootObject = 8FBA99EB1F7281A4003A959F /* Project object */;
}
